
Microsoft Visual Studio Solution File, Format Version 11.00
# Visual Studio 2010
Project("{8BC9CEB8-8B4A-11D0-8D11-00A0C91BC942}") = "libportable", "libportable.vcxproj", "{84DC8949-DF7B-417C-85F1-DAC7AF7A97C0}"
EndProject
Global
	GlobalSection(SolutionConfigurationPlatforms) = preSolution
		Debug|Win32 = Debug|Win32
		Debug|x64 = Debug|x64
		Release|Win32 = Release|Win32
		Release|x64 = Release|x64
	EndGlobalSection
	GlobalSection(ProjectConfigurationPlatforms) = postSolution
		{84DC8949-DF7B-417C-85F1-DAC7AF7A97C0}.Debug|Win32.ActiveCfg = Debug|Win32
		{84DC8949-DF7B-417C-85F1-DAC7AF7A97C0}.Debug|Win32.Build.0 = Debug|Win32
		{84DC8949-DF7B-417C-85F1-DAC7AF7A97C0}.Debug|x64.ActiveCfg = Debug|x64
		{84DC8949-DF7B-417C-85F1-DAC7AF7A97C0}.Debug|x64.Build.0 = Debug|x64
		{84DC8949-DF7B-417C-85F1-DAC7AF7A97C0}.Release|Win32.ActiveCfg = Release|Win32
		{84DC8949-DF7B-417C-85F1-DAC7AF7A97C0}.Release|Win32.Build.0 = Release|Win32
		{84DC8949-DF7B-417C-85F1-DAC7AF7A97C0}.Release|x64.ActiveCfg = Release|x64
		{84DC8949-DF7B-417C-85F1-DAC7AF7A97C0}.Release|x64.Build.0 = Release|x64
	EndGlobalSection
	GlobalSection(SolutionProperties) = preSolution
		HideSolutionNode = FALSE
	EndGlobalSection
EndGlobal
